
Microsoft Visual Studio Solution File, Format Version 12.00
# Visual Studio 2012
Project("{FAE04EC0-301F-11D3-BF4B-00C04F79EFBC}") = "MVC_DataModel_MiniProject", "MVC_DataModel_MiniProject\MVC_DataModel_MiniProject.csproj", "{EC697248-DA94-49AA-BA6E-B5222AB0CDBA}"
EndProject
Project("{FAE04EC0-301F-11D3-BF4B-00C04F79EFBC}") = "BLL", "BLL\BLL.csproj", "{2EA03DD0-9A5B-4859-8424-83017F5B8CFF}"
EndProject
Project("{FAE04EC0-301F-11D3-BF4B-00C04F79EFBC}") = "DAL", "DAL\DAL.csproj", "{E80A3050-F888-4034-9A7C-7693B95EE249}"
EndProject
Global
	GlobalSection(SolutionConfigurationPlatforms) = preSolution
		Debug|Any CPU = Debug|Any CPU
		Release|Any CPU = Release|Any CPU
	EndGlobalSection
	GlobalSection(ProjectConfigurationPlatforms) = postSolution
		{EC697248-DA94-49AA-BA6E-B5222AB0CDBA}.Debug|Any CPU.ActiveCfg = Debug|Any CPU
		{EC697248-DA94-49AA-BA6E-B5222AB0CDBA}.Debug|Any CPU.Build.0 = Debug|Any CPU
		{EC697248-DA94-49AA-BA6E-B5222AB0CDBA}.Debug|Any CPU.Deploy.0 = Debug|Any CPU
		{EC697248-DA94-49AA-BA6E-B5222AB0CDBA}.Release|Any CPU.ActiveCfg = Release|Any CPU
		{EC697248-DA94-49AA-BA6E-B5222AB0CDBA}.Release|Any CPU.Build.0 = Release|Any CPU
		{2EA03DD0-9A5B-4859-8424-83017F5B8CFF}.Debug|Any CPU.ActiveCfg = Debug|Any CPU
		{2EA03DD0-9A5B-4859-8424-83017F5B8CFF}.Debug|Any CPU.Build.0 = Debug|Any CPU
		{2EA03DD0-9A5B-4859-8424-83017F5B8CFF}.Debug|Any CPU.Deploy.0 = Debug|Any CPU
		{2EA03DD0-9A5B-4859-8424-83017F5B8CFF}.Release|Any CPU.ActiveCfg = Release|Any CPU
		{2EA03DD0-9A5B-4859-8424-83017F5B8CFF}.Release|Any CPU.Build.0 = Release|Any CPU
		{E80A3050-F888-4034-9A7C-7693B95EE249}.Debug|Any CPU.ActiveCfg = Debug|Any CPU
		{E80A3050-F888-4034-9A7C-7693B95EE249}.Debug|Any CPU.Build.0 = Debug|Any CPU
		{E80A3050-F888-4034-9A7C-7693B95EE249}.Debug|Any CPU.Deploy.0 = Debug|Any CPU
		{E80A3050-F888-4034-9A7C-7693B95EE249}.Release|Any CPU.ActiveCfg = Release|Any CPU
		{E80A3050-F888-4034-9A7C-7693B95EE249}.Release|Any CPU.Build.0 = Release|Any CPU
	EndGlobalSection
	GlobalSection(SolutionProperties) = preSolution
		HideSolutionNode = FALSE
	EndGlobalSection
EndGlobal
