
Microsoft Visual Studio Solution File, Format Version 12.00
# Visual Studio 2012
Project("{FAE04EC0-301F-11D3-BF4B-00C04F79EFBC}") = "MVC_Fourth_2nd_Method", "MVC_Fourth_2nd_Method\MVC_Fourth_2nd_Method.csproj", "{047E5DEB-EEA1-4162-9047-D2E5BB1E82D0}"
EndProject
Project("{FAE04EC0-301F-11D3-BF4B-00C04F79EFBC}") = "DAL", "DAL\DAL.csproj", "{C20CF33B-2EF9-4DB0-AC64-ED92745C6759}"
EndProject
Global
	GlobalSection(SolutionConfigurationPlatforms) = preSolution
		Debug|Any CPU = Debug|Any CPU
		Release|Any CPU = Release|Any CPU
	EndGlobalSection
	GlobalSection(ProjectConfigurationPlatforms) = postSolution
		{047E5DEB-EEA1-4162-9047-D2E5BB1E82D0}.Debug|Any CPU.ActiveCfg = Debug|Any CPU
		{047E5DEB-EEA1-4162-9047-D2E5BB1E82D0}.Debug|Any CPU.Build.0 = Debug|Any CPU
		{047E5DEB-EEA1-4162-9047-D2E5BB1E82D0}.Release|Any CPU.ActiveCfg = Release|Any CPU
		{047E5DEB-EEA1-4162-9047-D2E5BB1E82D0}.Release|Any CPU.Build.0 = Release|Any CPU
		{C20CF33B-2EF9-4DB0-AC64-ED92745C6759}.Debug|Any CPU.ActiveCfg = Debug|Any CPU
		{C20CF33B-2EF9-4DB0-AC64-ED92745C6759}.Debug|Any CPU.Build.0 = Debug|Any CPU
		{C20CF33B-2EF9-4DB0-AC64-ED92745C6759}.Release|Any CPU.ActiveCfg = Release|Any CPU
		{C20CF33B-2EF9-4DB0-AC64-ED92745C6759}.Release|Any CPU.Build.0 = Release|Any CPU
	EndGlobalSection
	GlobalSection(SolutionProperties) = preSolution
		HideSolutionNode = FALSE
	EndGlobalSection
EndGlobal
