
Microsoft Visual Studio Solution File, Format Version 12.00
# Visual Studio 15
VisualStudioVersion = 15.0.26730.16
MinimumVisualStudioVersion = 10.0.40219.1
Project("{FAE04EC0-301F-11D3-BF4B-00C04F79EFBC}") = "MVC_SecondMethod", "MVC_SecondMethod\MVC_SecondMethod.csproj", "{57A8D3FE-929F-4DCD-A029-971C6EF4A202}"
EndProject
Global
	GlobalSection(SolutionConfigurationPlatforms) = preSolution
		Debug|Any CPU = Debug|Any CPU
		Release|Any CPU = Release|Any CPU
	EndGlobalSection
	GlobalSection(ProjectConfigurationPlatforms) = postSolution
		{57A8D3FE-929F-4DCD-A029-971C6EF4A202}.Debug|Any CPU.ActiveCfg = Debug|Any CPU
		{57A8D3FE-929F-4DCD-A029-971C6EF4A202}.Debug|Any CPU.Build.0 = Debug|Any CPU
		{57A8D3FE-929F-4DCD-A029-971C6EF4A202}.Release|Any CPU.ActiveCfg = Release|Any CPU
		{57A8D3FE-929F-4DCD-A029-971C6EF4A202}.Release|Any CPU.Build.0 = Release|Any CPU
	EndGlobalSection
	GlobalSection(SolutionProperties) = preSolution
		HideSolutionNode = FALSE
	EndGlobalSection
	GlobalSection(ExtensibilityGlobals) = postSolution
		SolutionGuid = {3E9FE5F6-9807-4CF1-8186-C07F4929AD78}
	EndGlobalSection
EndGlobal
