
Microsoft Visual Studio Solution File, Format Version 12.00
# Visual Studio 2012
Project("{FAE04EC0-301F-11D3-BF4B-00C04F79EFBC}") = "ConsoleApplication1", "ConsoleApplication1\ConsoleApplication1.csproj", "{7219A28F-FAF1-4E5D-B1FE-8B8B04AE562C}"
EndProject
Global
	GlobalSection(SolutionConfigurationPlatforms) = preSolution
		Debug|Any CPU = Debug|Any CPU
		Release|Any CPU = Release|Any CPU
	EndGlobalSection
	GlobalSection(ProjectConfigurationPlatforms) = postSolution
		{7219A28F-FAF1-4E5D-B1FE-8B8B04AE562C}.Debug|Any CPU.ActiveCfg = Debug|Any CPU
		{7219A28F-FAF1-4E5D-B1FE-8B8B04AE562C}.Debug|Any CPU.Build.0 = Debug|Any CPU
		{7219A28F-FAF1-4E5D-B1FE-8B8B04AE562C}.Release|Any CPU.ActiveCfg = Release|Any CPU
		{7219A28F-FAF1-4E5D-B1FE-8B8B04AE562C}.Release|Any CPU.Build.0 = Release|Any CPU
	EndGlobalSection
	GlobalSection(SolutionProperties) = preSolution
		HideSolutionNode = FALSE
	EndGlobalSection
EndGlobal
