
Microsoft Visual Studio Solution File, Format Version 12.00
# Visual Studio 15
VisualStudioVersion = 15.0.26730.16
MinimumVisualStudioVersion = 10.0.40219.1
Project("{FAE04EC0-301F-11D3-BF4B-00C04F79EFBC}") = "MVC_FourthMethod", "MVC_FourthMethod\MVC_FourthMethod.csproj", "{A14DC636-EAA4-47A2-B34E-3946BEA73ACE}"
EndProject
Project("{FAE04EC0-301F-11D3-BF4B-00C04F79EFBC}") = "DAL", "DAL\DAL.csproj", "{3FB07ACE-0CF2-4BD6-BFF0-C08E6A5C33E2}"
EndProject
Global
	GlobalSection(SolutionConfigurationPlatforms) = preSolution
		Debug|Any CPU = Debug|Any CPU
		Release|Any CPU = Release|Any CPU
	EndGlobalSection
	GlobalSection(ProjectConfigurationPlatforms) = postSolution
		{A14DC636-EAA4-47A2-B34E-3946BEA73ACE}.Debug|Any CPU.ActiveCfg = Debug|Any CPU
		{A14DC636-EAA4-47A2-B34E-3946BEA73ACE}.Debug|Any CPU.Build.0 = Debug|Any CPU
		{A14DC636-EAA4-47A2-B34E-3946BEA73ACE}.Release|Any CPU.ActiveCfg = Release|Any CPU
		{A14DC636-EAA4-47A2-B34E-3946BEA73ACE}.Release|Any CPU.Build.0 = Release|Any CPU
		{3FB07ACE-0CF2-4BD6-BFF0-C08E6A5C33E2}.Debug|Any CPU.ActiveCfg = Debug|Any CPU
		{3FB07ACE-0CF2-4BD6-BFF0-C08E6A5C33E2}.Debug|Any CPU.Build.0 = Debug|Any CPU
		{3FB07ACE-0CF2-4BD6-BFF0-C08E6A5C33E2}.Release|Any CPU.ActiveCfg = Release|Any CPU
		{3FB07ACE-0CF2-4BD6-BFF0-C08E6A5C33E2}.Release|Any CPU.Build.0 = Release|Any CPU
	EndGlobalSection
	GlobalSection(SolutionProperties) = preSolution
		HideSolutionNode = FALSE
	EndGlobalSection
	GlobalSection(ExtensibilityGlobals) = postSolution
		SolutionGuid = {6E591F95-20A3-4C34-A69F-A60299D8E2FE}
	EndGlobalSection
EndGlobal
