
Microsoft Visual Studio Solution File, Format Version 12.00
# Visual Studio 2012
Project("{FAE04EC0-301F-11D3-BF4B-00C04F79EFBC}") = "Queue1", "Queue\Queue1.csproj", "{CC1C0B4F-76AD-4EEB-AAE0-E120C13A06F3}"
EndProject
Global
	GlobalSection(SolutionConfigurationPlatforms) = preSolution
		Debug|Any CPU = Debug|Any CPU
		Release|Any CPU = Release|Any CPU
	EndGlobalSection
	GlobalSection(ProjectConfigurationPlatforms) = postSolution
		{CC1C0B4F-76AD-4EEB-AAE0-E120C13A06F3}.Debug|Any CPU.ActiveCfg = Debug|Any CPU
		{CC1C0B4F-76AD-4EEB-AAE0-E120C13A06F3}.Debug|Any CPU.Build.0 = Debug|Any CPU
		{CC1C0B4F-76AD-4EEB-AAE0-E120C13A06F3}.Release|Any CPU.ActiveCfg = Release|Any CPU
		{CC1C0B4F-76AD-4EEB-AAE0-E120C13A06F3}.Release|Any CPU.Build.0 = Release|Any CPU
	EndGlobalSection
	GlobalSection(SolutionProperties) = preSolution
		HideSolutionNode = FALSE
	EndGlobalSection
EndGlobal
