
Microsoft Visual Studio Solution File, Format Version 12.00
# Visual Studio 2012
Project("{FAE04EC0-301F-11D3-BF4B-00C04F79EFBC}") = "Stack1", "Stack1\Stack1.csproj", "{2967CD62-391C-4218-A55F-B640EACB1259}"
EndProject
Global
	GlobalSection(SolutionConfigurationPlatforms) = preSolution
		Debug|Any CPU = Debug|Any CPU
		Release|Any CPU = Release|Any CPU
	EndGlobalSection
	GlobalSection(ProjectConfigurationPlatforms) = postSolution
		{2967CD62-391C-4218-A55F-B640EACB1259}.Debug|Any CPU.ActiveCfg = Debug|Any CPU
		{2967CD62-391C-4218-A55F-B640EACB1259}.Debug|Any CPU.Build.0 = Debug|Any CPU
		{2967CD62-391C-4218-A55F-B640EACB1259}.Release|Any CPU.ActiveCfg = Release|Any CPU
		{2967CD62-391C-4218-A55F-B640EACB1259}.Release|Any CPU.Build.0 = Release|Any CPU
	EndGlobalSection
	GlobalSection(SolutionProperties) = preSolution
		HideSolutionNode = FALSE
	EndGlobalSection
EndGlobal
